// !$*UTF8*$!
{
	archiveVersion = 1;
	classes = {
	};
	objectVersion = 50;
	objects = {

/* Begin PBXBuildFile section */
		451E309721CE1BA100EDEC21 /* CalculatorLogic.swift in Sources */ = {isa = PBXBuildFile; fileRef = 451E309621CE1BA100EDEC21 /* CalculatorLogic.swift */; };
		4523560021C9468A00889AED /* AppDelegate.swift in Sources */ = {isa = PBXBuildFile; fileRef = 452355FF21C9468A00889AED /* AppDelegate.swift */; };
		4523560221C9468A00889AED /* ViewController.swift in Sources */ = {isa = PBXBuildFile; fileRef = 4523560121C9468A00889AED /* ViewController.swift */; };
		4523560521C9468A00889AED /* Main.storyboard in Resources */ = {isa = PBXBuildFile; fileRef = 4523560321C9468A00889AED /* Main.storyboard */; };
		4523560721C9468C00889AED /* Assets.xcassets in Resources */ = {isa = PBXBuildFile; fileRef = 4523560621C9468C00889AED /* Assets.xcassets */; };
		4523560A21C9468C00889AED /* LaunchScreen.storyboard in Resources */ = {isa = PBXBuildFile; fileRef = 4523560821C9468C00889AED /* LaunchScreen.storyboard */; };
/* End PBXBuildFile section */

/* Begin PBXFileReference section */
		451E309621CE1BA100EDEC21 /* CalculatorLogic.swift */ = {isa = PBXFileReference; lastKnownFileType = sourcecode.swift; path = CalculatorLogic.swift; sourceTree = "<group>"; };
		452355FC21C9468A00889AED /* iPhoneCalculator App.app */ = {isa = PBXFileReference; explicitFileType = wrapper.application; includeInIndex = 0; path = "iPhoneCalculator App.app"; sourceTree = BUILT_PRODUCTS_DIR; };
		452355FF21C9468A00889AED /* AppDelegate.swift */ = {isa = PBXFileReference; lastKnownFileType = sourcecode.swift; path = AppDelegate.swift; sourceTree = "<group>"; };
		4523560121C9468A00889AED /* ViewController.swift */ = {isa = PBXFileReference; lastKnownFileType = sourcecode.swift; path = ViewController.swift; sourceTree = "<group>"; };
		4523560421C9468A00889AED /* Base */ = {isa = PBXFileReference; lastKnownFileType = file.storyboard; name = Base; path = Base.lproj/Main.storyboard; sourceTree = "<group>"; };
		4523560621C9468C00889AED /* Assets.xcassets */ = {isa = PBXFileReference; lastKnownFileType = folder.assetcatalog; path = Assets.xcassets; sourceTree = "<group>"; };
		4523560921C9468C00889AED /* Base */ = {isa = PBXFileReference; lastKnownFileType = file.storyboard; name = Base; path = Base.lproj/LaunchScreen.storyboard; sourceTree = "<group>"; };
		4523560B21C9468C00889AED /* Info.plist */ = {isa = PBXFileReference; lastKnownFileType = text.plist.xml; path = Info.plist; sourceTree = "<group>"; };
/* End PBXFileReference section */

/* Begin PBXFrameworksBuildPhase section */
		452355F921C9468A00889AED /* Frameworks */ = {
			isa = PBXFrameworksBuildPhase;
			buildActionMask = 2147483647;
			files = (
			);
			runOnlyForDeploymentPostprocessing = 0;
		};
/* End PBXFrameworksBuildPhase section */

/* Begin PBXGroup section */
		451E309821CE1FE400EDEC21 /* Controller */ = {
			isa = PBXGroup;
			children = (
				4523560121C9468A00889AED /* ViewController.swift */,
			);
			path = Controller;
			sourceTree = "<group>";
		};
		451E309921CE1FED00EDEC21 /* Model */ = {
			isa = PBXGroup;
			children = (
				451E309621CE1BA100EDEC21 /* CalculatorLogic.swift */,
			);
			path = Model;
			sourceTree = "<group>";
		};
		451E309A21CE1FF100EDEC21 /* View */ = {
			isa = PBXGroup;
			children = (
				4523560321C9468A00889AED /* Main.storyboard */,
			);
			path = View;
			sourceTree = "<group>";
		};
		452355F321C9468A00889AED = {
			isa = PBXGroup;
			children = (
				452355FE21C9468A00889AED /* iPhoneCalculator App */,
				452355FD21C9468A00889AED /* Products */,
			);
			sourceTree = "<group>";
		};
		452355FD21C9468A00889AED /* Products */ = {
			isa = PBXGroup;
			children = (
				452355FC21C9468A00889AED /* iPhoneCalculator App.app */,
			);
			name = Products;
			sourceTree = "<group>";
		};
		452355FE21C9468A00889AED /* iPhoneCalculator App */ = {
			isa = PBXGroup;
			children = (
				452355FF21C9468A00889AED /* AppDelegate.swift */,
				451E309821CE1FE400EDEC21 /* Controller */,
				451E309921CE1FED00EDEC21 /* Model */,
				451E309A21CE1FF100EDEC21 /* View */,
				4523560621C9468C00889AED /* Assets.xcassets */,
				4523560821C9468C00889AED /* LaunchScreen.storyboard */,
				4523560B21C9468C00889AED /* Info.plist */,
			);
			path = "iPhoneCalculator App";
			sourceTree = "<group>";
		};
/* End PBXGroup section */

/* Begin PBXNativeTarget section */
		452355FB21C9468A00889AED /* iPhoneCalculator App */ = {
			isa = PBXNativeTarget;
			buildConfigurationList = 4523560E21C9468C00889AED /* Build configuration list for PBXNativeTarget "iPhoneCalculator App" */;
			buildPhases = (
				452355F821C9468A00889AED /* Sources */,
				452355F921C9468A00889AED /* Frameworks */,
				452355FA21C9468A00889AED /* Resources */,
			);
			buildRules = (
			);
			dependencies = (
			);
			name = "iPhoneCalculator App";
			productName = "iPhoneCalculator App";
			productReference = 452355FC21C9468A00889AED /* iPhoneCalculator App.app */;
			productType = "com.apple.product-type.application";
		};
/* End PBXNativeTarget section */

/* Begin PBXProject section */
		452355F421C9468A00889AED /* Project object */ = {
			isa = PBXProject;
			attributes = {
				LastSwiftUpdateCheck = 1000;
				LastUpgradeCheck = 1000;
				ORGANIZATIONNAME = Mustafa;
				TargetAttributes = {
					452355FB21C9468A00889AED = {
						CreatedOnToolsVersion = 10.0;
					};
				};
			};
			buildConfigurationList = 452355F721C9468A00889AED /* Build configuration list for PBXProject "iPhoneCalculator App" */;
			compatibilityVersion = "Xcode 9.3";
			developmentRegion = en;
			hasScannedForEncodings = 0;
			knownRegions = (
				en,
				Base,
			);
			mainGroup = 452355F321C9468A00889AED;
			productRefGroup = 452355FD21C9468A00889AED /* Products */;
			projectDirPath = "";
			projectRoot = "";
			targets = (
				452355FB21C9468A00889AED /* iPhoneCalculator App */,
			);
		};
/* End PBXProject section */

/* Begin PBXResourcesBuildPhase section */
		452355FA21C9468A00889AED /* Resources */ = {
			isa = PBXResourcesBuildPhase;
			buildActionMask = 2147483647;
			files = (
				4523560A21C9468C00889AED /* LaunchScreen.storyboard in Resources */,
				4523560721C9468C00889AED /* Assets.xcassets in Resources */,
				4523560521C9468A00889AED /* Main.storyboard in Resources */,
			);
			runOnlyForDeploymentPostprocessing = 0;
		};
/* End PBXResourcesBuildPhase section */

/* Begin PBXSourcesBuildPhase section */
		452355F821C9468A00889AED /* Sources */ = {
			isa = PBXSourcesBuildPhase;
			buildActionMask = 2147483647;
			files = (
				4523560221C9468A00889AED /* ViewController.swift in Sources */,
				4523560021C9468A00889AED /* AppDelegate.swift in Sources */,
				451E309721CE1BA100EDEC21 /* CalculatorLogic.swift in Sources */,
			);
			runOnlyForDeploymentPostprocessing = 0;
		};
/* End PBXSourcesBuildPhase section */

/* Begin PBXVariantGroup section */
		4523560321C9468A00889AED /* Main.storyboard */ = {
			isa = PBXVariantGroup;
			children = (
				4523560421C9468A00889AED /* Base */,
			);
			name = Main.storyboard;
			sourceTree = "<group>";
		};
		4523560821C9468C00889AED /* LaunchScreen.storyboard */ = {
			isa = PBXVariantGroup;
			children = (
				4523560921C9468C00889AED /* Base */,
			);
			name = LaunchScreen.storyboard;
			sourceTree = "<group>";
		};
/* End PBXVariantGroup section */

/* Begin XCBuildConfiguration section */
		4523560C21C9468C00889AED /* Debug */ = {
			isa = XCBuildConfiguration;
			buildSettings = {
				ALWAYS_SEARCH_USER_PATHS = NO;
				CLANG_ANALYZER_NONNULL = YES;
				CLANG_ANALYZER_NUMBER_OBJECT_CONVERSION = YES_AGGRESSIVE;
				CLANG_CXX_LANGUAGE_STANDARD = "gnu++14";
				CLANG_CXX_LIBRARY = "libc++";
				CLANG_ENABLE_MODULES = YES;
				CLANG_ENABLE_OBJC_ARC = YES;
				CLANG_ENABLE_OBJC_WEAK = YES;
				CLANG_WARN_BLOCK_CAPTURE_AUTORELEASING = YES;
				CLANG_WARN_BOOL_CONVERSION = YES;
				CLANG_WARN_COMMA = YES;
				CLANG_WARN_CONSTANT_CONVERSION = YES;
				CLANG_WARN_DEPRECATED_OBJC_IMPLEMENTATIONS = YES;
				CLANG_WARN_DIRECT_OBJC_ISA_USAGE = YES_ERROR;
				CLANG_WARN_DOCUMENTATION_COMMENTS = YES;
				CLANG_WARN_EMPTY_BODY = YES;
				CLANG_WARN_ENUM_CONVERSION = YES;
				CLANG_WARN_INFINITE_RECURSION = YES;
				CLANG_WARN_INT_CONVERSION = YES;
				CLANG_WARN_NON_LITERAL_NULL_CONVERSION = YES;
				CLANG_WARN_OBJC_IMPLICIT_RETAIN_SELF = YES;
				CLANG_WARN_OBJC_LITERAL_CONVERSION = YES;
				CLANG_WARN_OBJC_ROOT_CLASS = YES_ERROR;
				CLANG_WARN_RANGE_LOOP_ANALYSIS = YES;
				CLANG_WARN_STRICT_PROTOTYPES = YES;
				CLANG_WARN_SUSPICIOUS_MOVE = YES;
				CLANG_WARN_UNGUARDED_AVAILABILITY = YES_AGGRESSIVE;
				CLANG_WARN_UNREACHABLE_CODE = YES;
				CLANG_WARN__DUPLICATE_METHOD_MATCH = YES;
				CODE_SIGN_IDENTITY = "iPhone Developer";
				COPY_PHASE_STRIP = NO;
				DEBUG_INFORMATION_FORMAT = dwarf;
				ENABLE_STRICT_OBJC_MSGSEND = YES;
				ENABLE_TESTABILITY = YES;
				GCC_C_LANGUAGE_STANDARD = gnu11;
				GCC_DYNAMIC_NO_PIC = NO;
				GCC_NO_COMMON_BLOCKS = YES;
				GCC_OPTIMIZATION_LEVEL = 0;
				GCC_PREPROCESSOR_DEFINITIONS = (
					"DEBUG=1",
					"$(inherited)",
				);
				GCC_WARN_64_TO_32_BIT_CONVERSION = YES;
				GCC_WARN_ABOUT_RETURN_TYPE = YES_ERROR;
				GCC_WARN_UNDECLARED_SELECTOR = YES;
				GCC_WARN_UNINITIALIZED_AUTOS = YES_AGGRESSIVE;
				GCC_WARN_UNUSED_FUNCTION = YES;
				GCC_WARN_UNUSED_VARIABLE = YES;
				IPHONEOS_DEPLOYMENT_TARGET = 12.0;
				MTL_ENABLE_DEBUG_INFO = INCLUDE_SOURCE;
				MTL_FAST_MATH = YES;
				ONLY_ACTIVE_ARCH = YES;
				SDKROOT = iphoneos;
				SWIFT_ACTIVE_COMPILATION_CONDITIONS = DEBUG;
				SWIFT_OPTIMIZATION_LEVEL = "-Onone";
			};
			name = Debug;
		};
		4523560D21C9468C00889AED /* Release */ = {
			isa = XCBuildConfiguration;
			buildSettings = {
				ALWAYS_SEARCH_USER_PATHS = NO;
				CLANG_ANALYZER_NONNULL = YES;
				CLANG_ANALYZER_NUMBER_OBJECT_CONVERSION = YES_AGGRESSIVE;
				CLANG_CXX_LANGUAGE_STANDARD = "gnu++14";
				CLANG_CXX_LIBRARY = "libc++";
				CLANG_ENABLE_MODULES = YES;
				CLANG_ENABLE_OBJC_ARC = YES;
				CLANG_ENABLE_OBJC_WEAK = YES;
				CLANG_WARN_BLOCK_CAPTURE_AUTORELEASING = YES;
				CLANG_WARN_BOOL_CONVERSION = YES;
				CLANG_WARN_COMMA = YES;
				CLANG_WARN_CONSTANT_CONVERSION = YES;
				CLANG_WARN_DEPRECATED_OBJC_IMPLEMENTATIONS = YES;
				CLANG_WARN_DIRECT_OBJC_ISA_USAGE = YES_ERROR;
				CLANG_WARN_DOCUMENTATION_COMMENTS = YES;
				CLANG_WARN_EMPTY_BODY = YES;
				CLANG_WARN_ENUM_CONVERSION = YES;
				CLANG_WARN_INFINITE_RECURSION = YES;
				CLANG_WARN_INT_CONVERSION = YES;
				CLANG_WARN_NON_LITERAL_NULL_CONVERSION = YES;
				CLANG_WARN_OBJC_IMPLICIT_RETAIN_SELF = YES;
				CLANG_WARN_OBJC_LITERAL_CONVERSION = YES;
				CLANG_WARN_OBJC_ROOT_CLASS = YES_ERROR;
				CLANG_WARN_RANGE_LOOP_ANALYSIS = YES;
				CLANG_WARN_STRICT_PROTOTYPES = YES;
				CLANG_WARN_SUSPICIOUS_MOVE = YES;
				CLANG_WARN_UNGUARDED_AVAILABILITY = YES_AGGRESSIVE;
				CLANG_WARN_UNREACHABLE_CODE = YES;
				CLANG_WARN__DUPLICATE_METHOD_MATCH = YES;
				CODE_SIGN_IDENTITY = "iPhone Developer";
				COPY_PHASE_STRIP = NO;
				DEBUG_INFORMATION_FORMAT = "dwarf-with-dsym";
				ENABLE_NS_ASSERTIONS = NO;
				ENABLE_STRICT_OBJC_MSGSEND = YES;
				GCC_C_LANGUAGE_STANDARD = gnu11;
				GCC_NO_COMMON_BLOCKS = YES;
				GCC_WARN_64_TO_32_BIT_CONVERSION = YES;
				GCC_WARN_ABOUT_RETURN_TYPE = YES_ERROR;
				GCC_WARN_UNDECLARED_SELECTOR = YES;
				GCC_WARN_UNINITIALIZED_AUTOS = YES_AGGRESSIVE;
				GCC_WARN_UNUSED_FUNCTION = YES;
				GCC_WARN_UNUSED_VARIABLE = YES;
				IPHONEOS_DEPLOYMENT_TARGET = 12.0;
				MTL_ENABLE_DEBUG_INFO = NO;
				MTL_FAST_MATH = YES;
				SDKROOT = iphoneos;
				SWIFT_COMPILATION_MODE = wholemodule;
				SWIFT_OPTIMIZATION_LEVEL = "-O";
				VALIDATE_PRODUCT = YES;
			};
			name = Release;
		};
		4523560F21C9468C00889AED /* Debug */ = {
			isa = XCBuildConfiguration;
			buildSettings = {
				ASSETCATALOG_COMPILER_APPICON_NAME = AppIcon;
				CODE_SIGN_STYLE = Automatic;
				INFOPLIST_FILE = "iPhoneCalculator App/Info.plist";
				LD_RUNPATH_SEARCH_PATHS = (
					"$(inherited)",
					"@executable_path/Frameworks",
				);
				PRODUCT_BUNDLE_IDENTIFIER = "com.mustafa.udemy-ios-dev.iPhoneCalculator-App";
				PRODUCT_NAME = "$(TARGET_NAME)";
				SWIFT_VERSION = 4.2;
				TARGETED_DEVICE_FAMILY = "1,2";
			};
			name = Debug;
		};
		4523561021C9468C00889AED /* Release */ = {
			isa = XCBuildConfiguration;
			buildSettings = {
				ASSETCATALOG_COMPILER_APPICON_NAME = AppIcon;
				CODE_SIGN_STYLE = Automatic;
				INFOPLIST_FILE = "iPhoneCalculator App/Info.plist";
				LD_RUNPATH_SEARCH_PATHS = (
					"$(inherited)",
					"@executable_path/Frameworks",
				);
				PRODUCT_BUNDLE_IDENTIFIER = "com.mustafa.udemy-ios-dev.iPhoneCalculator-App";
				PRODUCT_NAME = "$(TARGET_NAME)";
				SWIFT_VERSION = 4.2;
				TARGETED_DEVICE_FAMILY = "1,2";
			};
			name = Release;
		};
/* End XCBuildConfiguration section */

/* Begin XCConfigurationList section */
		452355F721C9468A00889AED /* Build configuration list for PBXProject "iPhoneCalculator App" */ = {
			isa = XCConfigurationList;
			buildConfigurations = (
				4523560C21C9468C00889AED /* Debug */,
				4523560D21C9468C00889AED /* Release */,
			);
			defaultConfigurationIsVisible = 0;
			defaultConfigurationName = Release;
		};
		4523560E21C9468C00889AED /* Build configuration list for PBXNativeTarget "iPhoneCalculator App" */ = {
			isa = XCConfigurationList;
			buildConfigurations = (
				4523560F21C9468C00889AED /* Debug */,
				4523561021C9468C00889AED /* Release */,
			);
			defaultConfigurationIsVisible = 0;
			defaultConfigurationName = Release;
		};
/* End XCConfigurationList section */
	};
	rootObject = 452355F421C9468A00889AED /* Project object */;
}
